
Microsoft Visual Studio Solution File, Format Version 12.00
# Visual Studio Version 16
VisualStudioVersion = 16.0.30611.23
MinimumVisualStudioVersion = 10.0.40219.1
Project("{FAE04EC0-301F-11D3-BF4B-00C04F79EFBC}") = "LimaVector", "LimaVector\LimaVector.csproj", "{13FC673E-CA67-481F-9D60-81854D4C2690}"
EndProject
Project("{FAE04EC0-301F-11D3-BF4B-00C04F79EFBC}") = "NUnitTestProject1", "NUnitTestProject1\NUnitTestProject1.csproj", "{A7A237FC-C071-46A3-9D11-64A0B4239911}"
EndProject
Global
	GlobalSection(SolutionConfigurationPlatforms) = preSolution
		Debug|Any CPU = Debug|Any CPU
		Release|Any CPU = Release|Any CPU
	EndGlobalSection
	GlobalSection(ProjectConfigurationPlatforms) = postSolution
		{13FC673E-CA67-481F-9D60-81854D4C2690}.Debug|Any CPU.ActiveCfg = Debug|Any CPU
		{13FC673E-CA67-481F-9D60-81854D4C2690}.Debug|Any CPU.Build.0 = Debug|Any CPU
		{13FC673E-CA67-481F-9D60-81854D4C2690}.Release|Any CPU.ActiveCfg = Release|Any CPU
		{13FC673E-CA67-481F-9D60-81854D4C2690}.Release|Any CPU.Build.0 = Release|Any CPU
		{A7A237FC-C071-46A3-9D11-64A0B4239911}.Debug|Any CPU.ActiveCfg = Debug|Any CPU
		{A7A237FC-C071-46A3-9D11-64A0B4239911}.Debug|Any CPU.Build.0 = Debug|Any CPU
		{A7A237FC-C071-46A3-9D11-64A0B4239911}.Release|Any CPU.ActiveCfg = Release|Any CPU
		{A7A237FC-C071-46A3-9D11-64A0B4239911}.Release|Any CPU.Build.0 = Release|Any CPU
	EndGlobalSection
	GlobalSection(SolutionProperties) = preSolution
		HideSolutionNode = FALSE
	EndGlobalSection
	GlobalSection(ExtensibilityGlobals) = postSolution
		SolutionGuid = {EA8E52A3-C574-43DD-A28B-8782EAD9D7BE}
	EndGlobalSection
EndGlobal
